// !$*UTF8*$!
{
	archiveVersion = 1;
	classes = {
	};
	objectVersion = 56;
	objects = {

/* Begin PBXBuildFile section */
		0080D1432AF36EA3004347B1 /* HomeView.swift in Sources */ = {isa = PBXBuildFile; fileRef = 0080D1422AF36EA3004347B1 /* HomeView.swift */; };
		0080D14D2AF3888D004347B1 /* SplashView.swift in Sources */ = {isa = PBXBuildFile; fileRef = 0080D14C2AF3888D004347B1 /* SplashView.swift */; };
		0080D1512AF39BE1004347B1 /* Sniglet-Regular.ttf in Resources */ = {isa = PBXBuildFile; fileRef = 0080D1502AF39BE1004347B1 /* Sniglet-Regular.ttf */; };
		28808AF42AF36359004369E2 /* BangoRectanguloView.swift in Sources */ = {isa = PBXBuildFile; fileRef = 28808AF32AF36359004369E2 /* BangoRectanguloView.swift */; };
		28808AF62AF36F79004369E2 /* BangoViewModel.swift in Sources */ = {isa = PBXBuildFile; fileRef = 28808AF52AF36F79004369E2 /* BangoViewModel.swift */; };
		28808AF82AF37037004369E2 /* BangoView.swift in Sources */ = {isa = PBXBuildFile; fileRef = 28808AF72AF37037004369E2 /* BangoView.swift */; };
		28808AFB2AF40180004369E2 /* EffectViewModel.swift in Sources */ = {isa = PBXBuildFile; fileRef = 28808AFA2AF40180004369E2 /* EffectViewModel.swift */; };
		28808AFD2AF40212004369E2 /* EffectView.swift in Sources */ = {isa = PBXBuildFile; fileRef = 28808AFC2AF40212004369E2 /* EffectView.swift */; };
		28B69B4E2AF0C04C00B7AB8E /* Hallowedemy2App.swift in Sources */ = {isa = PBXBuildFile; fileRef = 28B69B4D2AF0C04C00B7AB8E /* Hallowedemy2App.swift */; };
		28B69B502AF0C04C00B7AB8E /* DickView.swift in Sources */ = {isa = PBXBuildFile; fileRef = 28B69B4F2AF0C04C00B7AB8E /* DickView.swift */; };
		28B69B522AF0C04E00B7AB8E /* Assets.xcassets in Resources */ = {isa = PBXBuildFile; fileRef = 28B69B512AF0C04E00B7AB8E /* Assets.xcassets */; };
		28B69B552AF0C04E00B7AB8E /* Preview Assets.xcassets in Resources */ = {isa = PBXBuildFile; fileRef = 28B69B542AF0C04E00B7AB8E /* Preview Assets.xcassets */; };
		28B69B5F2AF0C04E00B7AB8E /* Hallowedemy2Tests.swift in Sources */ = {isa = PBXBuildFile; fileRef = 28B69B5E2AF0C04E00B7AB8E /* Hallowedemy2Tests.swift */; };
		28B69B692AF0C04E00B7AB8E /* Hallowedemy2UITests.swift in Sources */ = {isa = PBXBuildFile; fileRef = 28B69B682AF0C04E00B7AB8E /* Hallowedemy2UITests.swift */; };
		28B69B6B2AF0C04E00B7AB8E /* Hallowedemy2UITestsLaunchTests.swift in Sources */ = {isa = PBXBuildFile; fileRef = 28B69B6A2AF0C04E00B7AB8E /* Hallowedemy2UITestsLaunchTests.swift */; };
		28B69B792AF0C07100B7AB8E /* CodeModel.swift in Sources */ = {isa = PBXBuildFile; fileRef = 28B69B782AF0C07100B7AB8E /* CodeModel.swift */; };
		28B69B7D2AF0C1FD00B7AB8E /* CodeViewModel.swift in Sources */ = {isa = PBXBuildFile; fileRef = 28B69B7C2AF0C1FD00B7AB8E /* CodeViewModel.swift */; };
		6784E03F2AF2EE02001B8B0A /* HallowedemyTVApp.swift in Sources */ = {isa = PBXBuildFile; fileRef = 6784E03E2AF2EE02001B8B0A /* HallowedemyTVApp.swift */; };
		6784E0412AF2EE02001B8B0A /* RaffleView.swift in Sources */ = {isa = PBXBuildFile; fileRef = 6784E0402AF2EE02001B8B0A /* RaffleView.swift */; };
		6784E0432AF2EE04001B8B0A /* Assets.xcassets in Resources */ = {isa = PBXBuildFile; fileRef = 6784E0422AF2EE04001B8B0A /* Assets.xcassets */; };
		6784E0462AF2EE04001B8B0A /* Preview Assets.xcassets in Resources */ = {isa = PBXBuildFile; fileRef = 6784E0452AF2EE04001B8B0A /* Preview Assets.xcassets */; };
		67FC6D6D2AF4679A0014919D /* RaffleViewModel.swift in Sources */ = {isa = PBXBuildFile; fileRef = 67FC6D6C2AF4679A0014919D /* RaffleViewModel.swift */; };
		67FC6D702AF468B90014919D /* RaffleButton.swift in Sources */ = {isa = PBXBuildFile; fileRef = 67FC6D6F2AF468B90014919D /* RaffleButton.swift */; };
		67FC6D722AF468DC0014919D /* RaffledNumbers.swift in Sources */ = {isa = PBXBuildFile; fileRef = 67FC6D712AF468DC0014919D /* RaffledNumbers.swift */; };
		67FC6D7F2AF46DAD0014919D /* Sniglet-Regular.ttf in Resources */ = {isa = PBXBuildFile; fileRef = 0080D1502AF39BE1004347B1 /* Sniglet-Regular.ttf */; };
/* End PBXBuildFile section */

/* Begin PBXContainerItemProxy section */
		28B69B5B2AF0C04E00B7AB8E /* PBXContainerItemProxy */ = {
			isa = PBXContainerItemProxy;
			containerPortal = 28B69B422AF0C04C00B7AB8E /* Project object */;
			proxyType = 1;
			remoteGlobalIDString = 28B69B492AF0C04C00B7AB8E;
			remoteInfo = Hallowedemy2;
		};
		28B69B652AF0C04E00B7AB8E /* PBXContainerItemProxy */ = {
			isa = PBXContainerItemProxy;
			containerPortal = 28B69B422AF0C04C00B7AB8E /* Project object */;
			proxyType = 1;
			remoteGlobalIDString = 28B69B492AF0C04C00B7AB8E;
			remoteInfo = Hallowedemy2;
		};
/* End PBXContainerItemProxy section */

/* Begin PBXFileReference section */
		0080D1422AF36EA3004347B1 /* HomeView.swift */ = {isa = PBXFileReference; lastKnownFileType = sourcecode.swift; path = HomeView.swift; sourceTree = "<group>"; };
		0080D14C2AF3888D004347B1 /* SplashView.swift */ = {isa = PBXFileReference; lastKnownFileType = sourcecode.swift; path = SplashView.swift; sourceTree = "<group>"; };
		0080D1502AF39BE1004347B1 /* Sniglet-Regular.ttf */ = {isa = PBXFileReference; lastKnownFileType = file; path = "Sniglet-Regular.ttf"; sourceTree = "<group>"; };
		0080D1522AF39BF2004347B1 /* Info.plist */ = {isa = PBXFileReference; lastKnownFileType = text.plist.xml; path = Info.plist; sourceTree = "<group>"; };
		28808AF32AF36359004369E2 /* BangoRectanguloView.swift */ = {isa = PBXFileReference; lastKnownFileType = sourcecode.swift; path = BangoRectanguloView.swift; sourceTree = "<group>"; };
		28808AF52AF36F79004369E2 /* BangoViewModel.swift */ = {isa = PBXFileReference; lastKnownFileType = sourcecode.swift; path = BangoViewModel.swift; sourceTree = "<group>"; };
		28808AF72AF37037004369E2 /* BangoView.swift */ = {isa = PBXFileReference; lastKnownFileType = sourcecode.swift; path = BangoView.swift; sourceTree = "<group>"; };
		28808AFA2AF40180004369E2 /* EffectViewModel.swift */ = {isa = PBXFileReference; lastKnownFileType = sourcecode.swift; path = EffectViewModel.swift; sourceTree = "<group>"; };
		28808AFC2AF40212004369E2 /* EffectView.swift */ = {isa = PBXFileReference; lastKnownFileType = sourcecode.swift; path = EffectView.swift; sourceTree = "<group>"; };
		28B69B4A2AF0C04C00B7AB8E /* Hallowedemy2.app */ = {isa = PBXFileReference; explicitFileType = wrapper.application; includeInIndex = 0; path = Hallowedemy2.app; sourceTree = BUILT_PRODUCTS_DIR; };
		28B69B4D2AF0C04C00B7AB8E /* Hallowedemy2App.swift */ = {isa = PBXFileReference; lastKnownFileType = sourcecode.swift; path = Hallowedemy2App.swift; sourceTree = "<group>"; };
		28B69B4F2AF0C04C00B7AB8E /* DickView.swift */ = {isa = PBXFileReference; lastKnownFileType = sourcecode.swift; path = DickView.swift; sourceTree = "<group>"; };
		28B69B512AF0C04E00B7AB8E /* Assets.xcassets */ = {isa = PBXFileReference; lastKnownFileType = folder.assetcatalog; path = Assets.xcassets; sourceTree = "<group>"; };
		28B69B542AF0C04E00B7AB8E /* Preview Assets.xcassets */ = {isa = PBXFileReference; lastKnownFileType = folder.assetcatalog; path = "Preview Assets.xcassets"; sourceTree = "<group>"; };
		28B69B5A2AF0C04E00B7AB8E /* Hallowedemy2Tests.xctest */ = {isa = PBXFileReference; explicitFileType = wrapper.cfbundle; includeInIndex = 0; path = Hallowedemy2Tests.xctest; sourceTree = BUILT_PRODUCTS_DIR; };
		28B69B5E2AF0C04E00B7AB8E /* Hallowedemy2Tests.swift */ = {isa = PBXFileReference; lastKnownFileType = sourcecode.swift; path = Hallowedemy2Tests.swift; sourceTree = "<group>"; };
		28B69B642AF0C04E00B7AB8E /* Hallowedemy2UITests.xctest */ = {isa = PBXFileReference; explicitFileType = wrapper.cfbundle; includeInIndex = 0; path = Hallowedemy2UITests.xctest; sourceTree = BUILT_PRODUCTS_DIR; };
		28B69B682AF0C04E00B7AB8E /* Hallowedemy2UITests.swift */ = {isa = PBXFileReference; lastKnownFileType = sourcecode.swift; path = Hallowedemy2UITests.swift; sourceTree = "<group>"; };
		28B69B6A2AF0C04E00B7AB8E /* Hallowedemy2UITestsLaunchTests.swift */ = {isa = PBXFileReference; lastKnownFileType = sourcecode.swift; path = Hallowedemy2UITestsLaunchTests.swift; sourceTree = "<group>"; };
		28B69B782AF0C07100B7AB8E /* CodeModel.swift */ = {isa = PBXFileReference; lastKnownFileType = sourcecode.swift; path = CodeModel.swift; sourceTree = "<group>"; };
		28B69B7C2AF0C1FD00B7AB8E /* CodeViewModel.swift */ = {isa = PBXFileReference; lastKnownFileType = sourcecode.swift; path = CodeViewModel.swift; sourceTree = "<group>"; };
		6784E03C2AF2EE02001B8B0A /* HallowedemyTV.app */ = {isa = PBXFileReference; explicitFileType = wrapper.application; includeInIndex = 0; path = HallowedemyTV.app; sourceTree = BUILT_PRODUCTS_DIR; };
		6784E03E2AF2EE02001B8B0A /* HallowedemyTVApp.swift */ = {isa = PBXFileReference; lastKnownFileType = sourcecode.swift; path = HallowedemyTVApp.swift; sourceTree = "<group>"; };
		6784E0402AF2EE02001B8B0A /* RaffleView.swift */ = {isa = PBXFileReference; lastKnownFileType = sourcecode.swift; path = RaffleView.swift; sourceTree = "<group>"; };
		6784E0422AF2EE04001B8B0A /* Assets.xcassets */ = {isa = PBXFileReference; lastKnownFileType = folder.assetcatalog; path = Assets.xcassets; sourceTree = "<group>"; };
		6784E0452AF2EE04001B8B0A /* Preview Assets.xcassets */ = {isa = PBXFileReference; lastKnownFileType = folder.assetcatalog; path = "Preview Assets.xcassets"; sourceTree = "<group>"; };
		67FC6D6C2AF4679A0014919D /* RaffleViewModel.swift */ = {isa = PBXFileReference; lastKnownFileType = sourcecode.swift; path = RaffleViewModel.swift; sourceTree = "<group>"; };
		67FC6D6F2AF468B90014919D /* RaffleButton.swift */ = {isa = PBXFileReference; lastKnownFileType = sourcecode.swift; path = RaffleButton.swift; sourceTree = "<group>"; };
		67FC6D712AF468DC0014919D /* RaffledNumbers.swift */ = {isa = PBXFileReference; lastKnownFileType = sourcecode.swift; path = RaffledNumbers.swift; sourceTree = "<group>"; };
		67FC6D802AF46E9F0014919D /* Info.plist */ = {isa = PBXFileReference; lastKnownFileType = text.plist; path = Info.plist; sourceTree = "<group>"; };
/* End PBXFileReference section */

/* Begin PBXFrameworksBuildPhase section */
		28B69B472AF0C04C00B7AB8E /* Frameworks */ = {
			isa = PBXFrameworksBuildPhase;
			buildActionMask = 2147483647;
			files = (
			);
			runOnlyForDeploymentPostprocessing = 0;
		};
		28B69B572AF0C04E00B7AB8E /* Frameworks */ = {
			isa = PBXFrameworksBuildPhase;
			buildActionMask = 2147483647;
			files = (
			);
			runOnlyForDeploymentPostprocessing = 0;
		};
		28B69B612AF0C04E00B7AB8E /* Frameworks */ = {
			isa = PBXFrameworksBuildPhase;
			buildActionMask = 2147483647;
			files = (
			);
			runOnlyForDeploymentPostprocessing = 0;
		};
		6784E0392AF2EE02001B8B0A /* Frameworks */ = {
			isa = PBXFrameworksBuildPhase;
			buildActionMask = 2147483647;
			files = (
			);
			runOnlyForDeploymentPostprocessing = 0;
		};
/* End PBXFrameworksBuildPhase section */

/* Begin PBXGroup section */
		0080D14E2AF38C1B004347B1 /* View */ = {
			isa = PBXGroup;
			children = (
				0080D1422AF36EA3004347B1 /* HomeView.swift */,
				0080D14C2AF3888D004347B1 /* SplashView.swift */,
				28808AF72AF37037004369E2 /* BangoView.swift */,
			);
			path = View;
			sourceTree = "<group>";
		};
		0080D14F2AF39BCF004347B1 /* Fonts */ = {
			isa = PBXGroup;
			children = (
				0080D1502AF39BE1004347B1 /* Sniglet-Regular.ttf */,
			);
			path = Fonts;
			sourceTree = "<group>";
		};
		28808AF22AF362A2004369E2 /* Components */ = {
			isa = PBXGroup;
			children = (
				28808AF32AF36359004369E2 /* BangoRectanguloView.swift */,
				28808AFC2AF40212004369E2 /* EffectView.swift */,
			);
			path = Components;
			sourceTree = "<group>";
		};
		28808AF92AF40156004369E2 /* ViewModel */ = {
			isa = PBXGroup;
			children = (
				28808AF52AF36F79004369E2 /* BangoViewModel.swift */,
				28808AFA2AF40180004369E2 /* EffectViewModel.swift */,
			);
			path = ViewModel;
			sourceTree = "<group>";
		};
		28B69B412AF0C04C00B7AB8E = {
			isa = PBXGroup;
			children = (
				0080D14F2AF39BCF004347B1 /* Fonts */,
				28B69B4C2AF0C04C00B7AB8E /* Hallowedemy2 */,
				28B69B5D2AF0C04E00B7AB8E /* Hallowedemy2Tests */,
				28B69B672AF0C04E00B7AB8E /* Hallowedemy2UITests */,
				6784E03D2AF2EE02001B8B0A /* HallowedemyTV */,
				28B69B4B2AF0C04C00B7AB8E /* Products */,
			);
			sourceTree = "<group>";
		};
		28B69B4B2AF0C04C00B7AB8E /* Products */ = {
			isa = PBXGroup;
			children = (
				28B69B4A2AF0C04C00B7AB8E /* Hallowedemy2.app */,
				28B69B5A2AF0C04E00B7AB8E /* Hallowedemy2Tests.xctest */,
				28B69B642AF0C04E00B7AB8E /* Hallowedemy2UITests.xctest */,
				6784E03C2AF2EE02001B8B0A /* HallowedemyTV.app */,
			);
			name = Products;
			sourceTree = "<group>";
		};
		28B69B4C2AF0C04C00B7AB8E /* Hallowedemy2 */ = {
			isa = PBXGroup;
			children = (
				0080D1522AF39BF2004347B1 /* Info.plist */,
				28808AF92AF40156004369E2 /* ViewModel */,
				0080D14E2AF38C1B004347B1 /* View */,
				28808AF22AF362A2004369E2 /* Components */,
				28B69B7E2AF0C54D00B7AB8E /* Code */,
				28B69B4D2AF0C04C00B7AB8E /* Hallowedemy2App.swift */,
				28B69B512AF0C04E00B7AB8E /* Assets.xcassets */,
				28B69B532AF0C04E00B7AB8E /* Preview Content */,
			);
			path = Hallowedemy2;
			sourceTree = "<group>";
		};
		28B69B532AF0C04E00B7AB8E /* Preview Content */ = {
			isa = PBXGroup;
			children = (
				28B69B542AF0C04E00B7AB8E /* Preview Assets.xcassets */,
			);
			path = "Preview Content";
			sourceTree = "<group>";
		};
		28B69B5D2AF0C04E00B7AB8E /* Hallowedemy2Tests */ = {
			isa = PBXGroup;
			children = (
				28B69B5E2AF0C04E00B7AB8E /* Hallowedemy2Tests.swift */,
			);
			path = Hallowedemy2Tests;
			sourceTree = "<group>";
		};
		28B69B672AF0C04E00B7AB8E /* Hallowedemy2UITests */ = {
			isa = PBXGroup;
			children = (
				28B69B682AF0C04E00B7AB8E /* Hallowedemy2UITests.swift */,
				28B69B6A2AF0C04E00B7AB8E /* Hallowedemy2UITestsLaunchTests.swift */,
			);
			path = Hallowedemy2UITests;
			sourceTree = "<group>";
		};
		28B69B7E2AF0C54D00B7AB8E /* Code */ = {
			isa = PBXGroup;
			children = (
				28B69B7C2AF0C1FD00B7AB8E /* CodeViewModel.swift */,
				28B69B782AF0C07100B7AB8E /* CodeModel.swift */,
				28B69B4F2AF0C04C00B7AB8E /* DickView.swift */,
			);
			path = Code;
			sourceTree = "<group>";
		};
		6784E03D2AF2EE02001B8B0A /* HallowedemyTV */ = {
			isa = PBXGroup;
			children = (
				67FC6D802AF46E9F0014919D /* Info.plist */,
				67FC6D752AF46AE70014919D /* Resources */,
				67FC6D742AF46AD40014919D /* ViewModel */,
				67FC6D732AF46AD00014919D /* View */,
				67FC6D6E2AF468AA0014919D /* Components */,
				6784E0442AF2EE04001B8B0A /* Preview Content */,
			);
			path = HallowedemyTV;
			sourceTree = "<group>";
		};
		6784E0442AF2EE04001B8B0A /* Preview Content */ = {
			isa = PBXGroup;
			children = (
				6784E0452AF2EE04001B8B0A /* Preview Assets.xcassets */,
			);
			path = "Preview Content";
			sourceTree = "<group>";
		};
		67FC6D6E2AF468AA0014919D /* Components */ = {
			isa = PBXGroup;
			children = (
				67FC6D6F2AF468B90014919D /* RaffleButton.swift */,
				67FC6D712AF468DC0014919D /* RaffledNumbers.swift */,
			);
			path = Components;
			sourceTree = "<group>";
		};
		67FC6D732AF46AD00014919D /* View */ = {
			isa = PBXGroup;
			children = (
				6784E0402AF2EE02001B8B0A /* RaffleView.swift */,
			);
			path = View;
			sourceTree = "<group>";
		};
		67FC6D742AF46AD40014919D /* ViewModel */ = {
			isa = PBXGroup;
			children = (
				67FC6D6C2AF4679A0014919D /* RaffleViewModel.swift */,
			);
			path = ViewModel;
			sourceTree = "<group>";
		};
		67FC6D752AF46AE70014919D /* Resources */ = {
			isa = PBXGroup;
			children = (
				6784E03E2AF2EE02001B8B0A /* HallowedemyTVApp.swift */,
				6784E0422AF2EE04001B8B0A /* Assets.xcassets */,
			);
			path = Resources;
			sourceTree = "<group>";
		};
/* End PBXGroup section */

/* Begin PBXNativeTarget section */
		28B69B492AF0C04C00B7AB8E /* Hallowedemy2 */ = {
			isa = PBXNativeTarget;
			buildConfigurationList = 28B69B6E2AF0C04E00B7AB8E /* Build configuration list for PBXNativeTarget "Hallowedemy2" */;
			buildPhases = (
				28B69B462AF0C04C00B7AB8E /* Sources */,
				28B69B472AF0C04C00B7AB8E /* Frameworks */,
				28B69B482AF0C04C00B7AB8E /* Resources */,
			);
			buildRules = (
			);
			dependencies = (
			);
			name = Hallowedemy2;
			productName = Hallowedemy2;
			productReference = 28B69B4A2AF0C04C00B7AB8E /* Hallowedemy2.app */;
			productType = "com.apple.product-type.application";
		};
		28B69B592AF0C04E00B7AB8E /* Hallowedemy2Tests */ = {
			isa = PBXNativeTarget;
			buildConfigurationList = 28B69B712AF0C04E00B7AB8E /* Build configuration list for PBXNativeTarget "Hallowedemy2Tests" */;
			buildPhases = (
				28B69B562AF0C04E00B7AB8E /* Sources */,
				28B69B572AF0C04E00B7AB8E /* Frameworks */,
				28B69B582AF0C04E00B7AB8E /* Resources */,
			);
			buildRules = (
			);
			dependencies = (
				28B69B5C2AF0C04E00B7AB8E /* PBXTargetDependency */,
			);
			name = Hallowedemy2Tests;
			productName = Hallowedemy2Tests;
			productReference = 28B69B5A2AF0C04E00B7AB8E /* Hallowedemy2Tests.xctest */;
			productType = "com.apple.product-type.bundle.unit-test";
		};
		28B69B632AF0C04E00B7AB8E /* Hallowedemy2UITests */ = {
			isa = PBXNativeTarget;
			buildConfigurationList = 28B69B742AF0C04E00B7AB8E /* Build configuration list for PBXNativeTarget "Hallowedemy2UITests" */;
			buildPhases = (
				28B69B602AF0C04E00B7AB8E /* Sources */,
				28B69B612AF0C04E00B7AB8E /* Frameworks */,
				28B69B622AF0C04E00B7AB8E /* Resources */,
			);
			buildRules = (
			);
			dependencies = (
				28B69B662AF0C04E00B7AB8E /* PBXTargetDependency */,
			);
			name = Hallowedemy2UITests;
			productName = Hallowedemy2UITests;
			productReference = 28B69B642AF0C04E00B7AB8E /* Hallowedemy2UITests.xctest */;
			productType = "com.apple.product-type.bundle.ui-testing";
		};
		6784E03B2AF2EE02001B8B0A /* HallowedemyTV */ = {
			isa = PBXNativeTarget;
			buildConfigurationList = 6784E0492AF2EE04001B8B0A /* Build configuration list for PBXNativeTarget "HallowedemyTV" */;
			buildPhases = (
				6784E0382AF2EE02001B8B0A /* Sources */,
				6784E0392AF2EE02001B8B0A /* Frameworks */,
				6784E03A2AF2EE02001B8B0A /* Resources */,
			);
			buildRules = (
			);
			dependencies = (
			);
			name = HallowedemyTV;
			productName = HallowedemyTV;
			productReference = 6784E03C2AF2EE02001B8B0A /* HallowedemyTV.app */;
			productType = "com.apple.product-type.application";
		};
/* End PBXNativeTarget section */

/* Begin PBXProject section */
		28B69B422AF0C04C00B7AB8E /* Project object */ = {
			isa = PBXProject;
			attributes = {
				BuildIndependentTargetsInParallel = 1;
				LastSwiftUpdateCheck = 1500;
				LastUpgradeCheck = 1500;
				TargetAttributes = {
					28B69B492AF0C04C00B7AB8E = {
						CreatedOnToolsVersion = 15.0;
					};
					28B69B592AF0C04E00B7AB8E = {
						CreatedOnToolsVersion = 15.0;
						TestTargetID = 28B69B492AF0C04C00B7AB8E;
					};
					28B69B632AF0C04E00B7AB8E = {
						CreatedOnToolsVersion = 15.0;
						TestTargetID = 28B69B492AF0C04C00B7AB8E;
					};
					6784E03B2AF2EE02001B8B0A = {
						CreatedOnToolsVersion = 15.0.1;
					};
				};
			};
			buildConfigurationList = 28B69B452AF0C04C00B7AB8E /* Build configuration list for PBXProject "Hallowedemy2" */;
			compatibilityVersion = "Xcode 14.0";
			developmentRegion = en;
			hasScannedForEncodings = 0;
			knownRegions = (
				en,
				Base,
			);
			mainGroup = 28B69B412AF0C04C00B7AB8E;
			productRefGroup = 28B69B4B2AF0C04C00B7AB8E /* Products */;
			projectDirPath = "";
			projectRoot = "";
			targets = (
				28B69B492AF0C04C00B7AB8E /* Hallowedemy2 */,
				28B69B592AF0C04E00B7AB8E /* Hallowedemy2Tests */,
				28B69B632AF0C04E00B7AB8E /* Hallowedemy2UITests */,
				6784E03B2AF2EE02001B8B0A /* HallowedemyTV */,
			);
		};
/* End PBXProject section */

/* Begin PBXResourcesBuildPhase section */
		28B69B482AF0C04C00B7AB8E /* Resources */ = {
			isa = PBXResourcesBuildPhase;
			buildActionMask = 2147483647;
			files = (
				28B69B552AF0C04E00B7AB8E /* Preview Assets.xcassets in Resources */,
				0080D1512AF39BE1004347B1 /* Sniglet-Regular.ttf in Resources */,
				28B69B522AF0C04E00B7AB8E /* Assets.xcassets in Resources */,
			);
			runOnlyForDeploymentPostprocessing = 0;
		};
		28B69B582AF0C04E00B7AB8E /* Resources */ = {
			isa = PBXResourcesBuildPhase;
			buildActionMask = 2147483647;
			files = (
			);
			runOnlyForDeploymentPostprocessing = 0;
		};
		28B69B622AF0C04E00B7AB8E /* Resources */ = {
			isa = PBXResourcesBuildPhase;
			buildActionMask = 2147483647;
			files = (
			);
			runOnlyForDeploymentPostprocessing = 0;
		};
		6784E03A2AF2EE02001B8B0A /* Resources */ = {
			isa = PBXResourcesBuildPhase;
			buildActionMask = 2147483647;
			files = (
				6784E0462AF2EE04001B8B0A /* Preview Assets.xcassets in Resources */,
				67FC6D7F2AF46DAD0014919D /* Sniglet-Regular.ttf in Resources */,
				6784E0432AF2EE04001B8B0A /* Assets.xcassets in Resources */,
			);
			runOnlyForDeploymentPostprocessing = 0;
		};
/* End PBXResourcesBuildPhase section */

/* Begin PBXSourcesBuildPhase section */
		28B69B462AF0C04C00B7AB8E /* Sources */ = {
			isa = PBXSourcesBuildPhase;
			buildActionMask = 2147483647;
			files = (
				28808AF82AF37037004369E2 /* BangoView.swift in Sources */,
				28808AFB2AF40180004369E2 /* EffectViewModel.swift in Sources */,
				28B69B502AF0C04C00B7AB8E /* DickView.swift in Sources */,
				28808AFD2AF40212004369E2 /* EffectView.swift in Sources */,
				28B69B7D2AF0C1FD00B7AB8E /* CodeViewModel.swift in Sources */,
				28808AF42AF36359004369E2 /* BangoRectanguloView.swift in Sources */,
				28808AF62AF36F79004369E2 /* BangoViewModel.swift in Sources */,
				28B69B792AF0C07100B7AB8E /* CodeModel.swift in Sources */,
				0080D1432AF36EA3004347B1 /* HomeView.swift in Sources */,
				28B69B4E2AF0C04C00B7AB8E /* Hallowedemy2App.swift in Sources */,
				0080D14D2AF3888D004347B1 /* SplashView.swift in Sources */,
			);
			runOnlyForDeploymentPostprocessing = 0;
		};
		28B69B562AF0C04E00B7AB8E /* Sources */ = {
			isa = PBXSourcesBuildPhase;
			buildActionMask = 2147483647;
			files = (
				28B69B5F2AF0C04E00B7AB8E /* Hallowedemy2Tests.swift in Sources */,
			);
			runOnlyForDeploymentPostprocessing = 0;
		};
		28B69B602AF0C04E00B7AB8E /* Sources */ = {
			isa = PBXSourcesBuildPhase;
			buildActionMask = 2147483647;
			files = (
				28B69B692AF0C04E00B7AB8E /* Hallowedemy2UITests.swift in Sources */,
				28B69B6B2AF0C04E00B7AB8E /* Hallowedemy2UITestsLaunchTests.swift in Sources */,
			);
			runOnlyForDeploymentPostprocessing = 0;
		};
		6784E0382AF2EE02001B8B0A /* Sources */ = {
			isa = PBXSourcesBuildPhase;
			buildActionMask = 2147483647;
			files = (
				67FC6D722AF468DC0014919D /* RaffledNumbers.swift in Sources */,
				6784E0412AF2EE02001B8B0A /* RaffleView.swift in Sources */,
				67FC6D702AF468B90014919D /* RaffleButton.swift in Sources */,
				67FC6D6D2AF4679A0014919D /* RaffleViewModel.swift in Sources */,
				6784E03F2AF2EE02001B8B0A /* HallowedemyTVApp.swift in Sources */,
			);
			runOnlyForDeploymentPostprocessing = 0;
		};
/* End PBXSourcesBuildPhase section */

/* Begin PBXTargetDependency section */
		28B69B5C2AF0C04E00B7AB8E /* PBXTargetDependency */ = {
			isa = PBXTargetDependency;
			target = 28B69B492AF0C04C00B7AB8E /* Hallowedemy2 */;
			targetProxy = 28B69B5B2AF0C04E00B7AB8E /* PBXContainerItemProxy */;
		};
		28B69B662AF0C04E00B7AB8E /* PBXTargetDependency */ = {
			isa = PBXTargetDependency;
			target = 28B69B492AF0C04C00B7AB8E /* Hallowedemy2 */;
			targetProxy = 28B69B652AF0C04E00B7AB8E /* PBXContainerItemProxy */;
		};
/* End PBXTargetDependency section */

/* Begin XCBuildConfiguration section */
		28B69B6C2AF0C04E00B7AB8E /* Debug */ = {
			isa = XCBuildConfiguration;
			buildSettings = {
				ALWAYS_SEARCH_USER_PATHS = NO;
				ASSETCATALOG_COMPILER_GENERATE_SWIFT_ASSET_SYMBOL_EXTENSIONS = YES;
				CLANG_ANALYZER_NONNULL = YES;
				CLANG_ANALYZER_NUMBER_OBJECT_CONVERSION = YES_AGGRESSIVE;
				CLANG_CXX_LANGUAGE_STANDARD = "gnu++20";
				CLANG_ENABLE_MODULES = YES;
				CLANG_ENABLE_OBJC_ARC = YES;
				CLANG_ENABLE_OBJC_WEAK = YES;
				CLANG_WARN_BLOCK_CAPTURE_AUTORELEASING = YES;
				CLANG_WARN_BOOL_CONVERSION = YES;
				CLANG_WARN_COMMA = YES;
				CLANG_WARN_CONSTANT_CONVERSION = YES;
				CLANG_WARN_DEPRECATED_OBJC_IMPLEMENTATIONS = YES;
				CLANG_WARN_DIRECT_OBJC_ISA_USAGE = YES_ERROR;
				CLANG_WARN_DOCUMENTATION_COMMENTS = YES;
				CLANG_WARN_EMPTY_BODY = YES;
				CLANG_WARN_ENUM_CONVERSION = YES;
				CLANG_WARN_INFINITE_RECURSION = YES;
				CLANG_WARN_INT_CONVERSION = YES;
				CLANG_WARN_NON_LITERAL_NULL_CONVERSION = YES;
				CLANG_WARN_OBJC_IMPLICIT_RETAIN_SELF = YES;
				CLANG_WARN_OBJC_LITERAL_CONVERSION = YES;
				CLANG_WARN_OBJC_ROOT_CLASS = YES_ERROR;
				CLANG_WARN_QUOTED_INCLUDE_IN_FRAMEWORK_HEADER = YES;
				CLANG_WARN_RANGE_LOOP_ANALYSIS = YES;
				CLANG_WARN_STRICT_PROTOTYPES = YES;
				CLANG_WARN_SUSPICIOUS_MOVE = YES;
				CLANG_WARN_UNGUARDED_AVAILABILITY = YES_AGGRESSIVE;
				CLANG_WARN_UNREACHABLE_CODE = YES;
				CLANG_WARN__DUPLICATE_METHOD_MATCH = YES;
				COPY_PHASE_STRIP = NO;
				DEBUG_INFORMATION_FORMAT = dwarf;
				ENABLE_STRICT_OBJC_MSGSEND = YES;
				ENABLE_TESTABILITY = YES;
				ENABLE_USER_SCRIPT_SANDBOXING = YES;
				GCC_C_LANGUAGE_STANDARD = gnu17;
				GCC_DYNAMIC_NO_PIC = NO;
				GCC_NO_COMMON_BLOCKS = YES;
				GCC_OPTIMIZATION_LEVEL = 0;
				GCC_PREPROCESSOR_DEFINITIONS = (
					"DEBUG=1",
					"$(inherited)",
				);
				GCC_WARN_64_TO_32_BIT_CONVERSION = YES;
				GCC_WARN_ABOUT_RETURN_TYPE = YES_ERROR;
				GCC_WARN_UNDECLARED_SELECTOR = YES;
				GCC_WARN_UNINITIALIZED_AUTOS = YES_AGGRESSIVE;
				GCC_WARN_UNUSED_FUNCTION = YES;
				GCC_WARN_UNUSED_VARIABLE = YES;
				IPHONEOS_DEPLOYMENT_TARGET = 17.0;
				LOCALIZATION_PREFERS_STRING_CATALOGS = YES;
				MTL_ENABLE_DEBUG_INFO = INCLUDE_SOURCE;
				MTL_FAST_MATH = YES;
				ONLY_ACTIVE_ARCH = YES;
				SDKROOT = iphoneos;
				SWIFT_ACTIVE_COMPILATION_CONDITIONS = "DEBUG $(inherited)";
				SWIFT_OPTIMIZATION_LEVEL = "-Onone";
			};
			name = Debug;
		};
		28B69B6D2AF0C04E00B7AB8E /* Release */ = {
			isa = XCBuildConfiguration;
			buildSettings = {
				ALWAYS_SEARCH_USER_PATHS = NO;
				ASSETCATALOG_COMPILER_GENERATE_SWIFT_ASSET_SYMBOL_EXTENSIONS = YES;
				CLANG_ANALYZER_NONNULL = YES;
				CLANG_ANALYZER_NUMBER_OBJECT_CONVERSION = YES_AGGRESSIVE;
				CLANG_CXX_LANGUAGE_STANDARD = "gnu++20";
				CLANG_ENABLE_MODULES = YES;
				CLANG_ENABLE_OBJC_ARC = YES;
				CLANG_ENABLE_OBJC_WEAK = YES;
				CLANG_WARN_BLOCK_CAPTURE_AUTORELEASING = YES;
				CLANG_WARN_BOOL_CONVERSION = YES;
				CLANG_WARN_COMMA = YES;
				CLANG_WARN_CONSTANT_CONVERSION = YES;
				CLANG_WARN_DEPRECATED_OBJC_IMPLEMENTATIONS = YES;
				CLANG_WARN_DIRECT_OBJC_ISA_USAGE = YES_ERROR;
				CLANG_WARN_DOCUMENTATION_COMMENTS = YES;
				CLANG_WARN_EMPTY_BODY = YES;
				CLANG_WARN_ENUM_CONVERSION = YES;
				CLANG_WARN_INFINITE_RECURSION = YES;
				CLANG_WARN_INT_CONVERSION = YES;
				CLANG_WARN_NON_LITERAL_NULL_CONVERSION = YES;
				CLANG_WARN_OBJC_IMPLICIT_RETAIN_SELF = YES;
				CLANG_WARN_OBJC_LITERAL_CONVERSION = YES;
				CLANG_WARN_OBJC_ROOT_CLASS = YES_ERROR;
				CLANG_WARN_QUOTED_INCLUDE_IN_FRAMEWORK_HEADER = YES;
				CLANG_WARN_RANGE_LOOP_ANALYSIS = YES;
				CLANG_WARN_STRICT_PROTOTYPES = YES;
				CLANG_WARN_SUSPICIOUS_MOVE = YES;
				CLANG_WARN_UNGUARDED_AVAILABILITY = YES_AGGRESSIVE;
				CLANG_WARN_UNREACHABLE_CODE = YES;
				CLANG_WARN__DUPLICATE_METHOD_MATCH = YES;
				COPY_PHASE_STRIP = NO;
				DEBUG_INFORMATION_FORMAT = "dwarf-with-dsym";
				ENABLE_NS_ASSERTIONS = NO;
				ENABLE_STRICT_OBJC_MSGSEND = YES;
				ENABLE_USER_SCRIPT_SANDBOXING = YES;
				GCC_C_LANGUAGE_STANDARD = gnu17;
				GCC_NO_COMMON_BLOCKS = YES;
				GCC_WARN_64_TO_32_BIT_CONVERSION = YES;
				GCC_WARN_ABOUT_RETURN_TYPE = YES_ERROR;
				GCC_WARN_UNDECLARED_SELECTOR = YES;
				GCC_WARN_UNINITIALIZED_AUTOS = YES_AGGRESSIVE;
				GCC_WARN_UNUSED_FUNCTION = YES;
				GCC_WARN_UNUSED_VARIABLE = YES;
				IPHONEOS_DEPLOYMENT_TARGET = 17.0;
				LOCALIZATION_PREFERS_STRING_CATALOGS = YES;
				MTL_ENABLE_DEBUG_INFO = NO;
				MTL_FAST_MATH = YES;
				SDKROOT = iphoneos;
				SWIFT_COMPILATION_MODE = wholemodule;
				VALIDATE_PRODUCT = YES;
			};
			name = Release;
		};
		28B69B6F2AF0C04E00B7AB8E /* Debug */ = {
			isa = XCBuildConfiguration;
			buildSettings = {
				ASSETCATALOG_COMPILER_APPICON_NAME = AppIcon;
				ASSETCATALOG_COMPILER_GLOBAL_ACCENT_COLOR_NAME = AccentColor;
				CODE_SIGN_STYLE = Automatic;
				CURRENT_PROJECT_VERSION = 1;
				DEVELOPMENT_ASSET_PATHS = "\"Hallowedemy2/Preview Content\"";
				DEVELOPMENT_TEAM = "";
				ENABLE_PREVIEWS = YES;
				GENERATE_INFOPLIST_FILE = YES;
				INFOPLIST_FILE = Hallowedemy2/Info.plist;
				INFOPLIST_KEY_UIApplicationSceneManifest_Generation = YES;
				INFOPLIST_KEY_UIApplicationSupportsIndirectInputEvents = YES;
				INFOPLIST_KEY_UILaunchScreen_Generation = YES;
				INFOPLIST_KEY_UISupportedInterfaceOrientations_iPad = "UIInterfaceOrientationPortrait UIInterfaceOrientationPortraitUpsideDown UIInterfaceOrientationLandscapeLeft UIInterfaceOrientationLandscapeRight";
				INFOPLIST_KEY_UISupportedInterfaceOrientations_iPhone = "UIInterfaceOrientationPortrait UIInterfaceOrientationLandscapeLeft UIInterfaceOrientationLandscapeRight";
				LD_RUNPATH_SEARCH_PATHS = (
					"$(inherited)",
					"@executable_path/Frameworks",
				);
				MARKETING_VERSION = 1.0;
				PRODUCT_BUNDLE_IDENTIFIER = GG.Hallowedemy2;
				PRODUCT_NAME = "$(TARGET_NAME)";
				SWIFT_EMIT_LOC_STRINGS = YES;
				SWIFT_VERSION = 5.0;
				TARGETED_DEVICE_FAMILY = "1,2";
			};
			name = Debug;
		};
		28B69B702AF0C04E00B7AB8E /* Release */ = {
			isa = XCBuildConfiguration;
			buildSettings = {
				ASSETCATALOG_COMPILER_APPICON_NAME = AppIcon;
				ASSETCATALOG_COMPILER_GLOBAL_ACCENT_COLOR_NAME = AccentColor;
				CODE_SIGN_STYLE = Automatic;
				CURRENT_PROJECT_VERSION = 1;
				DEVELOPMENT_ASSET_PATHS = "\"Hallowedemy2/Preview Content\"";
				DEVELOPMENT_TEAM = "";
				ENABLE_PREVIEWS = YES;
				GENERATE_INFOPLIST_FILE = YES;
				INFOPLIST_FILE = Hallowedemy2/Info.plist;
				INFOPLIST_KEY_UIApplicationSceneManifest_Generation = YES;
				INFOPLIST_KEY_UIApplicationSupportsIndirectInputEvents = YES;
				INFOPLIST_KEY_UILaunchScreen_Generation = YES;
				INFOPLIST_KEY_UISupportedInterfaceOrientations_iPad = "UIInterfaceOrientationPortrait UIInterfaceOrientationPortraitUpsideDown UIInterfaceOrientationLandscapeLeft UIInterfaceOrientationLandscapeRight";
				INFOPLIST_KEY_UISupportedInterfaceOrientations_iPhone = "UIInterfaceOrientationPortrait UIInterfaceOrientationLandscapeLeft UIInterfaceOrientationLandscapeRight";
				LD_RUNPATH_SEARCH_PATHS = (
					"$(inherited)",
					"@executable_path/Frameworks",
				);
				MARKETING_VERSION = 1.0;
				PRODUCT_BUNDLE_IDENTIFIER = GG.Hallowedemy2;
				PRODUCT_NAME = "$(TARGET_NAME)";
				SWIFT_EMIT_LOC_STRINGS = YES;
				SWIFT_VERSION = 5.0;
				TARGETED_DEVICE_FAMILY = "1,2";
			};
			name = Release;
		};
		28B69B722AF0C04E00B7AB8E /* Debug */ = {
			isa = XCBuildConfiguration;
			buildSettings = {
				ALWAYS_EMBED_SWIFT_STANDARD_LIBRARIES = YES;
				BUNDLE_LOADER = "$(TEST_HOST)";
				CODE_SIGN_STYLE = Automatic;
				CURRENT_PROJECT_VERSION = 1;
				DEVELOPMENT_TEAM = XJ57BXJG95;
				GENERATE_INFOPLIST_FILE = YES;
				IPHONEOS_DEPLOYMENT_TARGET = 17.0;
				MARKETING_VERSION = 1.0;
				PRODUCT_BUNDLE_IDENTIFIER = GG.Hallowedemy2Tests;
				PRODUCT_NAME = "$(TARGET_NAME)";
				SWIFT_EMIT_LOC_STRINGS = NO;
				SWIFT_VERSION = 5.0;
				TARGETED_DEVICE_FAMILY = "1,2";
				TEST_HOST = "$(BUILT_PRODUCTS_DIR)/Hallowedemy2.app/$(BUNDLE_EXECUTABLE_FOLDER_PATH)/Hallowedemy2";
			};
			name = Debug;
		};
		28B69B732AF0C04E00B7AB8E /* Release */ = {
			isa = XCBuildConfiguration;
			buildSettings = {
				ALWAYS_EMBED_SWIFT_STANDARD_LIBRARIES = YES;
				BUNDLE_LOADER = "$(TEST_HOST)";
				CODE_SIGN_STYLE = Automatic;
				CURRENT_PROJECT_VERSION = 1;
				DEVELOPMENT_TEAM = XJ57BXJG95;
				GENERATE_INFOPLIST_FILE = YES;
				IPHONEOS_DEPLOYMENT_TARGET = 17.0;
				MARKETING_VERSION = 1.0;
				PRODUCT_BUNDLE_IDENTIFIER = GG.Hallowedemy2Tests;
				PRODUCT_NAME = "$(TARGET_NAME)";
				SWIFT_EMIT_LOC_STRINGS = NO;
				SWIFT_VERSION = 5.0;
				TARGETED_DEVICE_FAMILY = "1,2";
				TEST_HOST = "$(BUILT_PRODUCTS_DIR)/Hallowedemy2.app/$(BUNDLE_EXECUTABLE_FOLDER_PATH)/Hallowedemy2";
			};
			name = Release;
		};
		28B69B752AF0C04E00B7AB8E /* Debug */ = {
			isa = XCBuildConfiguration;
			buildSettings = {
				ALWAYS_EMBED_SWIFT_STANDARD_LIBRARIES = YES;
				CODE_SIGN_STYLE = Automatic;
				CURRENT_PROJECT_VERSION = 1;
				DEVELOPMENT_TEAM = XJ57BXJG95;
				GENERATE_INFOPLIST_FILE = YES;
				MARKETING_VERSION = 1.0;
				PRODUCT_BUNDLE_IDENTIFIER = GG.Hallowedemy2UITests;
				PRODUCT_NAME = "$(TARGET_NAME)";
				SWIFT_EMIT_LOC_STRINGS = NO;
				SWIFT_VERSION = 5.0;
				TARGETED_DEVICE_FAMILY = "1,2";
				TEST_TARGET_NAME = Hallowedemy2;
			};
			name = Debug;
		};
		28B69B762AF0C04E00B7AB8E /* Release */ = {
			isa = XCBuildConfiguration;
			buildSettings = {
				ALWAYS_EMBED_SWIFT_STANDARD_LIBRARIES = YES;
				CODE_SIGN_STYLE = Automatic;
				CURRENT_PROJECT_VERSION = 1;
				DEVELOPMENT_TEAM = XJ57BXJG95;
				GENERATE_INFOPLIST_FILE = YES;
				MARKETING_VERSION = 1.0;
				PRODUCT_BUNDLE_IDENTIFIER = GG.Hallowedemy2UITests;
				PRODUCT_NAME = "$(TARGET_NAME)";
				SWIFT_EMIT_LOC_STRINGS = NO;
				SWIFT_VERSION = 5.0;
				TARGETED_DEVICE_FAMILY = "1,2";
				TEST_TARGET_NAME = Hallowedemy2;
			};
			name = Release;
		};
		6784E0472AF2EE04001B8B0A /* Debug */ = {
			isa = XCBuildConfiguration;
			buildSettings = {
				ASSETCATALOG_COMPILER_APPICON_NAME = "App Icon & Top Shelf Image";
				ASSETCATALOG_COMPILER_GLOBAL_ACCENT_COLOR_NAME = AccentColor;
				CODE_SIGN_STYLE = Automatic;
				CURRENT_PROJECT_VERSION = 1;
				DEVELOPMENT_ASSET_PATHS = "\"HallowedemyTV/Preview Content\"";
				DEVELOPMENT_TEAM = A7SRF7ZP35;
				ENABLE_PREVIEWS = YES;
				GENERATE_INFOPLIST_FILE = YES;
				INFOPLIST_FILE = HallowedemyTV/Info.plist;
				INFOPLIST_KEY_UILaunchScreen_Generation = YES;
				INFOPLIST_KEY_UIUserInterfaceStyle = Automatic;
				LD_RUNPATH_SEARCH_PATHS = (
					"$(inherited)",
					"@executable_path/Frameworks",
				);
				MARKETING_VERSION = 1.0;
				PRODUCT_BUNDLE_IDENTIFIER = iago.HallowedemyTV;
				PRODUCT_NAME = "$(TARGET_NAME)";
				SDKROOT = appletvos;
				SWIFT_EMIT_LOC_STRINGS = YES;
				SWIFT_VERSION = 5.0;
				TARGETED_DEVICE_FAMILY = 3;
				TVOS_DEPLOYMENT_TARGET = 17.0;
			};
			name = Debug;
		};
		6784E0482AF2EE04001B8B0A /* Release */ = {
			isa = XCBuildConfiguration;
			buildSettings = {
				ASSETCATALOG_COMPILER_APPICON_NAME = "App Icon & Top Shelf Image";
				ASSETCATALOG_COMPILER_GLOBAL_ACCENT_COLOR_NAME = AccentColor;
				CODE_SIGN_STYLE = Automatic;
				CURRENT_PROJECT_VERSION = 1;
				DEVELOPMENT_ASSET_PATHS = "\"HallowedemyTV/Preview Content\"";
				DEVELOPMENT_TEAM = A7SRF7ZP35;
				ENABLE_PREVIEWS = YES;
				GENERATE_INFOPLIST_FILE = YES;
				INFOPLIST_FILE = HallowedemyTV/Info.plist;
				INFOPLIST_KEY_UILaunchScreen_Generation = YES;
				INFOPLIST_KEY_UIUserInterfaceStyle = Automatic;
				LD_RUNPATH_SEARCH_PATHS = (
					"$(inherited)",
					"@executable_path/Frameworks",
				);
				MARKETING_VERSION = 1.0;
				PRODUCT_BUNDLE_IDENTIFIER = iago.HallowedemyTV;
				PRODUCT_NAME = "$(TARGET_NAME)";
				SDKROOT = appletvos;
				SWIFT_EMIT_LOC_STRINGS = YES;
				SWIFT_VERSION = 5.0;
				TARGETED_DEVICE_FAMILY = 3;
				TVOS_DEPLOYMENT_TARGET = 17.0;
			};
			name = Release;
		};
/* End XCBuildConfiguration section */

/* Begin XCConfigurationList section */
		28B69B452AF0C04C00B7AB8E /* Build configuration list for PBXProject "Hallowedemy2" */ = {
			isa = XCConfigurationList;
			buildConfigurations = (
				28B69B6C2AF0C04E00B7AB8E /* Debug */,
				28B69B6D2AF0C04E00B7AB8E /* Release */,
			);
			defaultConfigurationIsVisible = 0;
			defaultConfigurationName = Release;
		};
		28B69B6E2AF0C04E00B7AB8E /* Build configuration list for PBXNativeTarget "Hallowedemy2" */ = {
			isa = XCConfigurationList;
			buildConfigurations = (
				28B69B6F2AF0C04E00B7AB8E /* Debug */,
				28B69B702AF0C04E00B7AB8E /* Release */,
			);
			defaultConfigurationIsVisible = 0;
			defaultConfigurationName = Release;
		};
		28B69B712AF0C04E00B7AB8E /* Build configuration list for PBXNativeTarget "Hallowedemy2Tests" */ = {
			isa = XCConfigurationList;
			buildConfigurations = (
				28B69B722AF0C04E00B7AB8E /* Debug */,
				28B69B732AF0C04E00B7AB8E /* Release */,
			);
			defaultConfigurationIsVisible = 0;
			defaultConfigurationName = Release;
		};
		28B69B742AF0C04E00B7AB8E /* Build configuration list for PBXNativeTarget "Hallowedemy2UITests" */ = {
			isa = XCConfigurationList;
			buildConfigurations = (
				28B69B752AF0C04E00B7AB8E /* Debug */,
				28B69B762AF0C04E00B7AB8E /* Release */,
			);
			defaultConfigurationIsVisible = 0;
			defaultConfigurationName = Release;
		};
		6784E0492AF2EE04001B8B0A /* Build configuration list for PBXNativeTarget "HallowedemyTV" */ = {
			isa = XCConfigurationList;
			buildConfigurations = (
				6784E0472AF2EE04001B8B0A /* Debug */,
				6784E0482AF2EE04001B8B0A /* Release */,
			);
			defaultConfigurationIsVisible = 0;
			defaultConfigurationName = Release;
		};
/* End XCConfigurationList section */
	};
	rootObject = 28B69B422AF0C04C00B7AB8E /* Project object */;
}
